
Microsoft Visual Studio Solution File, Format Version 12.00
# Visual Studio Version 16
VisualStudioVersion = 16.0.32413.511
MinimumVisualStudioVersion = 10.0.40219.1
Project("{FAE04EC0-301F-11D3-BF4B-00C04F79EFBC}") = "jobrecuritment", "jobrecuritment\jobrecuritment.csproj", "{45DFAFED-4A44-483F-B4E9-CD7ACE3D4519}"
EndProject
Global
	GlobalSection(SolutionConfigurationPlatforms) = preSolution
		Debug|Any CPU = Debug|Any CPU
		Release|Any CPU = Release|Any CPU
	EndGlobalSection
	GlobalSection(ProjectConfigurationPlatforms) = postSolution
		{45DFAFED-4A44-483F-B4E9-CD7ACE3D4519}.Debug|Any CPU.ActiveCfg = Debug|Any CPU
		{45DFAFED-4A44-483F-B4E9-CD7ACE3D4519}.Debug|Any CPU.Build.0 = Debug|Any CPU
		{45DFAFED-4A44-483F-B4E9-CD7ACE3D4519}.Release|Any CPU.ActiveCfg = Release|Any CPU
		{45DFAFED-4A44-483F-B4E9-CD7ACE3D4519}.Release|Any CPU.Build.0 = Release|Any CPU
	EndGlobalSection
	GlobalSection(SolutionProperties) = preSolution
		HideSolutionNode = FALSE
	EndGlobalSection
	GlobalSection(ExtensibilityGlobals) = postSolution
		SolutionGuid = {AF584FF4-4580-4089-BC63-6BE7C92E8CD8}
	EndGlobalSection
EndGlobal
